{
  "lockfileVersion": 1,
  "workspaces": {
    "": {
      "name": "backend",
      "dependencies": {
        "@elysiajs/cors": "^1.4.0",
        "@elysiajs/jwt": "^1.4.0",
        "@elysiajs/openapi": "^1.4.11",
        "@elysiajs/static": "^1.4.6",
        "@elysiajs/swagger": "^1.3.1",
        "@prisma/client": "^6.18.0",
        "@resvg/resvg-js": "^2.6.2",
        "elysia": "latest",
        "elysia-rate-limit": "^4.4.2",
        "prismabox": "^1.1.25",
        "react": "^19.2.0",
        "react-dom": "^19.2.0",
        "satori": "^0.18.3",
      },
      "devDependencies": {
        "bun-types": "latest",
        "prisma": "^6.18.0",
      },
    },
  },
  "packages": {
    "@alloc/quick-lru": ["@alloc/quick-lru@5.2.0", "", {}, "sha512-UrcABB+4bUrFABwbluTIBErXwvbsU/V7TZWfmbgJfbkwiBuziS9gxdODUyuiecfdGQ85jglMW6juS3+z5TsKLw=="],

    "@borewit/text-codec": ["@borewit/text-codec@0.1.1", "", {}, "sha512-5L/uBxmjaCIX5h8Z+uu+kA9BQLkc/Wl06UGR5ajNRxu+/XjonB5i8JpgFMrPj3LXTCPA0pv8yxUvbUi+QthGGA=="],

    "@elysiajs/cors": ["@elysiajs/cors@1.4.0", "", { "peerDependencies": { "elysia": ">= 1.4.0" } }, "sha512-pb0SCzBfFbFSYA/U40HHO7R+YrcXBJXOWgL20eSViK33ol1e20ru2/KUaZYo5IMUn63yaTJI/bQERuQ+77ND8g=="],

    "@elysiajs/jwt": ["@elysiajs/jwt@1.4.0", "", { "dependencies": { "jose": "^6.0.11" }, "peerDependencies": { "elysia": ">= 1.4.0" } }, "sha512-Z0PvZhQxdDeKZ8HslXzDoXXD83NKExNPmoiAPki3nI2Xvh5wtUrBH+zWOD17yP14IbRo8fxGj3L25MRCAPsgPA=="],

    "@elysiajs/openapi": ["@elysiajs/openapi@1.4.11", "", { "peerDependencies": { "elysia": ">= 1.4.0" } }, "sha512-d75bMxYJpN6qSDi/z9L1S7SLk1S/8Px+cTb3W2lrYzU8uQ5E0kXdy1oOMJEfTyVsz3OA19NP9KNxE7ztSbLBLg=="],

    "@elysiajs/static": ["@elysiajs/static@1.4.6", "", { "peerDependencies": { "elysia": ">= 1.4.0" } }, "sha512-cd61aY/DHOVhlnBjzTBX8E1XANIrsCH8MwEGHeLMaZzNrz0gD4Q8Qsde2dFMzu81I7ZDaaZ2Rim9blSLtUrYBg=="],

    "@elysiajs/swagger": ["@elysiajs/swagger@1.3.1", "", { "dependencies": { "@scalar/themes": "^0.9.52", "@scalar/types": "^0.0.12", "openapi-types": "^12.1.3", "pathe": "^1.1.2" }, "peerDependencies": { "elysia": ">= 1.3.0" } }, "sha512-LcbLHa0zE6FJKWPWKsIC/f+62wbDv3aXydqcNPVPyqNcaUgwvCajIi+5kHEU6GO3oXUCpzKaMsb3gsjt8sLzFQ=="],

    "@prisma/client": ["@prisma/client@6.18.0", "", { "peerDependencies": { "prisma": "*", "typescript": ">=5.1.0" }, "optionalPeers": ["prisma", "typescript"] }, "sha512-jnL2I9gDnPnw4A+4h5SuNn8Gc+1mL1Z79U/3I9eE2gbxJG1oSA+62ByPW4xkeDgwE0fqMzzpAZ7IHxYnLZ4iQA=="],

    "@prisma/config": ["@prisma/config@6.18.0", "", { "dependencies": { "c12": "3.1.0", "deepmerge-ts": "7.1.5", "effect": "3.18.4", "empathic": "2.0.0" } }, "sha512-rgFzspCpwsE+q3OF/xkp0fI2SJ3PfNe9LLMmuSVbAZ4nN66WfBiKqJKo/hLz3ysxiPQZf8h1SMf2ilqPMeWATQ=="],

    "@prisma/debug": ["@prisma/debug@6.18.0", "", {}, "sha512-PMVPMmxPj0ps1VY75DIrT430MoOyQx9hmm174k6cmLZpcI95rAPXOQ+pp8ANQkJtNyLVDxnxVJ0QLbrm/ViBcg=="],

    "@prisma/dmmf": ["@prisma/dmmf@6.17.1", "", {}, "sha512-ILf+sYTvoZRJIn1KjW8ZBn9N3fK+4ZxreJT0EXuLxbZWbXuz7Eums0/PEscS8+fzktg1zbxZvjHVFMppqfFz3g=="],

    "@prisma/engines": ["@prisma/engines@6.18.0", "", { "dependencies": { "@prisma/debug": "6.18.0", "@prisma/engines-version": "6.18.0-8.34b5a692b7bd79939a9a2c3ef97d816e749cda2f", "@prisma/fetch-engine": "6.18.0", "@prisma/get-platform": "6.18.0" } }, "sha512-i5RzjGF/ex6AFgqEe2o1IW8iIxJGYVQJVRau13kHPYEL1Ck8Zvwuzamqed/1iIljs5C7L+Opiz5TzSsUebkriA=="],

    "@prisma/engines-version": ["@prisma/engines-version@6.18.0-8.34b5a692b7bd79939a9a2c3ef97d816e749cda2f", "", {}, "sha512-T7Af4QsJQnSgWN1zBbX+Cha5t4qjHRxoeoWpK4JugJzG/ipmmDMY5S+O0N1ET6sCBNVkf6lz+Y+ZNO9+wFU8pQ=="],

    "@prisma/fetch-engine": ["@prisma/fetch-engine@6.18.0", "", { "dependencies": { "@prisma/debug": "6.18.0", "@prisma/engines-version": "6.18.0-8.34b5a692b7bd79939a9a2c3ef97d816e749cda2f", "@prisma/get-platform": "6.18.0" } }, "sha512-TdaBvTtBwP3IoqVYoGIYpD4mWlk0pJpjTJjir/xLeNWlwog7Sl3bD2J0jJ8+5+q/6RBg+acb9drsv5W6lqae7A=="],

    "@prisma/generator": ["@prisma/generator@6.17.1", "", {}, "sha512-R4SIlAtMHlxwXYYHiyWtN+MLRGFF3Jy+LvqcfInbCiaZkoqyhU5kj8/aOu2OV2ydNkkN+Q8ft9Tnv5a/b4pqPg=="],

    "@prisma/generator-helper": ["@prisma/generator-helper@6.17.1", "", { "dependencies": { "@prisma/debug": "6.17.1", "@prisma/dmmf": "6.17.1", "@prisma/generator": "6.17.1" } }, "sha512-ONuUTGXCTUK9K//ronFg4xOEARv+tZKOo5uVSJg6tj2y90gpXQunPYyvR17gEoAQrZT17kC0ie60ecv8nulWyQ=="],

    "@prisma/get-platform": ["@prisma/get-platform@6.18.0", "", { "dependencies": { "@prisma/debug": "6.18.0" } }, "sha512-uXNJCJGhxTCXo2B25Ta91Rk1/Nmlqg9p7G9GKh8TPhxvAyXCvMNQoogj4JLEUy+3ku8g59cpyQIKFhqY2xO2bg=="],

    "@resvg/resvg-js": ["@resvg/resvg-js@2.6.2", "", { "optionalDependencies": { "@resvg/resvg-js-android-arm-eabi": "2.6.2", "@resvg/resvg-js-android-arm64": "2.6.2", "@resvg/resvg-js-darwin-arm64": "2.6.2", "@resvg/resvg-js-darwin-x64": "2.6.2", "@resvg/resvg-js-linux-arm-gnueabihf": "2.6.2", "@resvg/resvg-js-linux-arm64-gnu": "2.6.2", "@resvg/resvg-js-linux-arm64-musl": "2.6.2", "@resvg/resvg-js-linux-x64-gnu": "2.6.2", "@resvg/resvg-js-linux-x64-musl": "2.6.2", "@resvg/resvg-js-win32-arm64-msvc": "2.6.2", "@resvg/resvg-js-win32-ia32-msvc": "2.6.2", "@resvg/resvg-js-win32-x64-msvc": "2.6.2" } }, "sha512-xBaJish5OeGmniDj9cW5PRa/PtmuVU3ziqrbr5xJj901ZDN4TosrVaNZpEiLZAxdfnhAe7uQ7QFWfjPe9d9K2Q=="],

    "@resvg/resvg-js-android-arm-eabi": ["@resvg/resvg-js-android-arm-eabi@2.6.2", "", { "os": "android", "cpu": "arm" }, "sha512-FrJibrAk6v29eabIPgcTUMPXiEz8ssrAk7TXxsiZzww9UTQ1Z5KAbFJs+Z0Ez+VZTYgnE5IQJqBcoSiMebtPHA=="],

    "@resvg/resvg-js-android-arm64": ["@resvg/resvg-js-android-arm64@2.6.2", "", { "os": "android", "cpu": "arm64" }, "sha512-VcOKezEhm2VqzXpcIJoITuvUS/fcjIw5NA/w3tjzWyzmvoCdd+QXIqy3FBGulWdClvp4g+IfUemigrkLThSjAQ=="],

    "@resvg/resvg-js-darwin-arm64": ["@resvg/resvg-js-darwin-arm64@2.6.2", "", { "os": "darwin", "cpu": "arm64" }, "sha512-nmok2LnAd6nLUKI16aEB9ydMC6Lidiiq2m1nEBDR1LaaP7FGs4AJ90qDraxX+CWlVuRlvNjyYJTNv8qFjtL9+A=="],

    "@resvg/resvg-js-darwin-x64": ["@resvg/resvg-js-darwin-x64@2.6.2", "", { "os": "darwin", "cpu": "x64" }, "sha512-GInyZLjgWDfsVT6+SHxQVRwNzV0AuA1uqGsOAW+0th56J7Nh6bHHKXHBWzUrihxMetcFDmQMAX1tZ1fZDYSRsw=="],

    "@resvg/resvg-js-linux-arm-gnueabihf": ["@resvg/resvg-js-linux-arm-gnueabihf@2.6.2", "", { "os": "linux", "cpu": "arm" }, "sha512-YIV3u/R9zJbpqTTNwTZM5/ocWetDKGsro0SWp70eGEM9eV2MerWyBRZnQIgzU3YBnSBQ1RcxRZvY/UxwESfZIw=="],

    "@resvg/resvg-js-linux-arm64-gnu": ["@resvg/resvg-js-linux-arm64-gnu@2.6.2", "", { "os": "linux", "cpu": "arm64" }, "sha512-zc2BlJSim7YR4FZDQ8OUoJg5holYzdiYMeobb9pJuGDidGL9KZUv7SbiD4E8oZogtYY42UZEap7dqkkYuA91pg=="],

    "@resvg/resvg-js-linux-arm64-musl": ["@resvg/resvg-js-linux-arm64-musl@2.6.2", "", { "os": "linux", "cpu": "arm64" }, "sha512-3h3dLPWNgSsD4lQBJPb4f+kvdOSJHa5PjTYVsWHxLUzH4IFTJUAnmuWpw4KqyQ3NA5QCyhw4TWgxk3jRkQxEKg=="],

    "@resvg/resvg-js-linux-x64-gnu": ["@resvg/resvg-js-linux-x64-gnu@2.6.2", "", { "os": "linux", "cpu": "x64" }, "sha512-IVUe+ckIerA7xMZ50duAZzwf1U7khQe2E0QpUxu5MBJNao5RqC0zwV/Zm965vw6D3gGFUl7j4m+oJjubBVoftw=="],

    "@resvg/resvg-js-linux-x64-musl": ["@resvg/resvg-js-linux-x64-musl@2.6.2", "", { "os": "linux", "cpu": "x64" }, "sha512-UOf83vqTzoYQO9SZ0fPl2ZIFtNIz/Rr/y+7X8XRX1ZnBYsQ/tTb+cj9TE+KHOdmlTFBxhYzVkP2lRByCzqi4jQ=="],

    "@resvg/resvg-js-win32-arm64-msvc": ["@resvg/resvg-js-win32-arm64-msvc@2.6.2", "", { "os": "win32", "cpu": "arm64" }, "sha512-7C/RSgCa+7vqZ7qAbItfiaAWhyRSoD4l4BQAbVDqRRsRgY+S+hgS3in0Rxr7IorKUpGE69X48q6/nOAuTJQxeQ=="],

    "@resvg/resvg-js-win32-ia32-msvc": ["@resvg/resvg-js-win32-ia32-msvc@2.6.2", "", { "os": "win32", "cpu": "ia32" }, "sha512-har4aPAlvjnLcil40AC77YDIk6loMawuJwFINEM7n0pZviwMkMvjb2W5ZirsNOZY4aDbo5tLx0wNMREp5Brk+w=="],

    "@resvg/resvg-js-win32-x64-msvc": ["@resvg/resvg-js-win32-x64-msvc@2.6.2", "", { "os": "win32", "cpu": "x64" }, "sha512-ZXtYhtUr5SSaBrUDq7DiyjOFJqBVL/dOBN7N/qmi/pO0IgiWW/f/ue3nbvu9joWE5aAKDoIzy/CxsY0suwGosQ=="],

    "@scalar/openapi-types": ["@scalar/openapi-types@0.1.1", "", {}, "sha512-NMy3QNk6ytcCoPUGJH0t4NNr36OWXgZhA3ormr3TvhX1NDgoF95wFyodGVH8xiHeUyn2/FxtETm8UBLbB5xEmg=="],

    "@scalar/themes": ["@scalar/themes@0.9.86", "", { "dependencies": { "@scalar/types": "0.1.7" } }, "sha512-QUHo9g5oSWi+0Lm1vJY9TaMZRau8LHg+vte7q5BVTBnu6NuQfigCaN+ouQ73FqIVd96TwMO6Db+dilK1B+9row=="],

    "@scalar/types": ["@scalar/types@0.0.12", "", { "dependencies": { "@scalar/openapi-types": "0.1.1", "@unhead/schema": "^1.9.5" } }, "sha512-XYZ36lSEx87i4gDqopQlGCOkdIITHHEvgkuJFrXFATQs9zHARop0PN0g4RZYWj+ZpCUclOcaOjbCt8JGe22mnQ=="],

    "@shuding/opentype.js": ["@shuding/opentype.js@1.4.0-beta.0", "", { "dependencies": { "fflate": "^0.7.3", "string.prototype.codepointat": "^0.2.1" }, "bin": { "ot": "bin/ot" } }, "sha512-3NgmNyH3l/Hv6EvsWJbsvpcpUba6R8IREQ83nH83cyakCw7uM1arZKNfHwv1Wz6jgqrF/j4x5ELvR6PnK9nTcA=="],

    "@sinclair/typebox": ["@sinclair/typebox@0.34.41", "", {}, "sha512-6gS8pZzSXdyRHTIqoqSVknxolr1kzfy4/CeDnrzsVz8TTIWUbOBr6gnzOmTYJ3eXQNh4IYHIGi5aIL7sOZ2G/g=="],

    "@standard-schema/spec": ["@standard-schema/spec@1.0.0", "", {}, "sha512-m2bOd0f2RT9k8QJx1JN85cZYyH1RqFBdlwtkSlf4tBDYLCiiZnv1fIIwacK6cqwXavOydf0NPToMQgpKq+dVlA=="],

    "@tokenizer/inflate": ["@tokenizer/inflate@0.2.7", "", { "dependencies": { "debug": "^4.4.0", "fflate": "^0.8.2", "token-types": "^6.0.0" } }, "sha512-MADQgmZT1eKjp06jpI2yozxaU9uVs4GzzgSL+uEq7bVcJ9V1ZXQkeGNql1fsSI0gMy1vhvNTNbUqrx+pZfJVmg=="],

    "@tokenizer/token": ["@tokenizer/token@0.3.0", "", {}, "sha512-OvjF+z51L3ov0OyAU0duzsYuvO01PH7x4t6DJx+guahgTnBHkhJdG7soQeTSFLWN3efnHyibZ4Z8l2EuWwJN3A=="],

    "@types/node": ["@types/node@24.8.1", "", { "dependencies": { "undici-types": "~7.14.0" } }, "sha512-alv65KGRadQVfVcG69MuB4IzdYVpRwMG/mq8KWOaoOdyY617P5ivaDiMCGOFDWD2sAn5Q0mR3mRtUOgm99hL9Q=="],

    "@types/react": ["@types/react@19.2.2", "", { "dependencies": { "csstype": "^3.0.2" } }, "sha512-6mDvHUFSjyT2B2yeNx2nUgMxh9LtOWvkhIU3uePn2I2oyNymUAX1NIsdgviM4CH+JSrp2D2hsMvJOkxY+0wNRA=="],

    "@unhead/schema": ["@unhead/schema@1.11.20", "", { "dependencies": { "hookable": "^5.5.3", "zhead": "^2.2.4" } }, "sha512-0zWykKAaJdm+/Y7yi/Yds20PrUK7XabLe9c3IRcjnwYmSWY6z0Cr19VIs3ozCj8P+GhR+/TI2mwtGlueCEYouA=="],

    "base64-js": ["base64-js@0.0.8", "", {}, "sha512-3XSA2cR/h/73EzlXXdU6YNycmYI7+kicTxks4eJg2g39biHR84slg2+des+p7iHYhbRg/udIS4TD53WabcOUkw=="],

    "bun-types": ["bun-types@1.3.1", "", { "dependencies": { "@types/node": "*" }, "peerDependencies": { "@types/react": "^19" } }, "sha512-NMrcy7smratanWJ2mMXdpatalovtxVggkj11bScuWuiOoXTiKIu2eVS1/7qbyI/4yHedtsn175n4Sm4JcdHLXw=="],

    "c12": ["c12@3.1.0", "", { "dependencies": { "chokidar": "^4.0.3", "confbox": "^0.2.2", "defu": "^6.1.4", "dotenv": "^16.6.1", "exsolve": "^1.0.7", "giget": "^2.0.0", "jiti": "^2.4.2", "ohash": "^2.0.11", "pathe": "^2.0.3", "perfect-debounce": "^1.0.0", "pkg-types": "^2.2.0", "rc9": "^2.1.2" }, "peerDependencies": { "magicast": "^0.3.5" }, "optionalPeers": ["magicast"] }, "sha512-uWoS8OU1MEIsOv8p/5a82c3H31LsWVR5qiyXVfBNOzfffjUWtPnhAb4BYI2uG2HfGmZmFjCtui5XNWaps+iFuw=="],

    "camelize": ["camelize@1.0.1", "", {}, "sha512-dU+Tx2fsypxTgtLoE36npi3UqcjSSMNYfkqgmoEhtZrraP5VWq0K7FkWVTYa8eMPtnU/G2txVsfdCJTn9uzpuQ=="],

    "chokidar": ["chokidar@4.0.3", "", { "dependencies": { "readdirp": "^4.0.1" } }, "sha512-Qgzu8kfBvo+cA4962jnP1KkS6Dop5NS6g7R5LFYJr4b8Ub94PPQXUksCw9PvXoeXPRRddRNC5C1JQUR2SMGtnA=="],

    "citty": ["citty@0.1.6", "", { "dependencies": { "consola": "^3.2.3" } }, "sha512-tskPPKEs8D2KPafUypv2gxwJP8h/OaJmC82QQGGDQcHvXX43xF2VDACcJVmZ0EuSxkpO9Kc4MlrA3q0+FG58AQ=="],

    "color-name": ["color-name@1.1.4", "", {}, "sha512-dOy+3AuW3a2wNbZHIuMZpTcgjGuLU/uBL/ubcZF9OXbDo8ff4O8yVp5Bf0efS8uEoYo5q4Fx7dY9OgQGXgAsQA=="],

    "confbox": ["confbox@0.2.2", "", {}, "sha512-1NB+BKqhtNipMsov4xI/NnhCKp9XG9NamYp5PVm9klAT0fsrNPjaFICsCFhNhwZJKNh7zB/3q8qXz0E9oaMNtQ=="],

    "consola": ["consola@3.4.2", "", {}, "sha512-5IKcdX0nnYavi6G7TtOhwkYzyjfJlatbjMjuLSfE2kYT5pMDOilZ4OvMhi637CcDICTmz3wARPoyhqyX1Y+XvA=="],

    "cookie": ["cookie@1.0.2", "", {}, "sha512-9Kr/j4O16ISv8zBBhJoi4bXOYNTkFLOqSL3UDB0njXxCXNezjeyVrJyGOWtgfs/q2km1gwBcfH8q1yEGoMYunA=="],

    "css-background-parser": ["css-background-parser@0.1.0", "", {}, "sha512-2EZLisiZQ+7m4wwur/qiYJRniHX4K5Tc9w93MT3AS0WS1u5kaZ4FKXlOTBhOjc+CgEgPiGY+fX1yWD8UwpEqUA=="],

    "css-box-shadow": ["css-box-shadow@1.0.0-3", "", {}, "sha512-9jaqR6e7Ohds+aWwmhe6wILJ99xYQbfmK9QQB9CcMjDbTxPZjwEmUQpU91OG05Xgm8BahT5fW+svbsQGjS/zPg=="],

    "css-color-keywords": ["css-color-keywords@1.0.0", "", {}, "sha512-FyyrDHZKEjXDpNJYvVsV960FiqQyXc/LlYmsxl2BcdMb2WPx0OGRVgTg55rPSyLSNMqP52R9r8geSp7apN3Ofg=="],

    "css-gradient-parser": ["css-gradient-parser@0.0.17", "", {}, "sha512-w2Xy9UMMwlKtou0vlRnXvWglPAceXCTtcmVSo8ZBUvqCV5aXEFP/PC6d+I464810I9FT++UACwTD5511bmGPUg=="],

    "css-to-react-native": ["css-to-react-native@3.2.0", "", { "dependencies": { "camelize": "^1.0.0", "css-color-keywords": "^1.0.0", "postcss-value-parser": "^4.0.2" } }, "sha512-e8RKaLXMOFii+02mOlqwjbD00KSEKqblnpO9e++1aXS1fPQOpS1YoqdVHBqPjHNoxeF2mimzVqawm2KCbEdtHQ=="],

    "csstype": ["csstype@3.1.3", "", {}, "sha512-M1uQkMl8rQK/szD0LNhtqxIPLpimGm8sOBwU7lLnCpSbTyY3yeU1Vc7l4KT5zT4s/yOxHH5O7tIuuLOCnLADRw=="],

    "debug": ["debug@4.3.4", "", { "dependencies": { "ms": "2.1.2" } }, "sha512-PRWFHuSU3eDtQJPvnNY7Jcket1j0t5OuOsFzPPzsekD52Zl8qUfFIPEiswXqIvHWGVHOgX+7G/vCNNhehwxfkQ=="],

    "deepmerge-ts": ["deepmerge-ts@7.1.5", "", {}, "sha512-HOJkrhaYsweh+W+e74Yn7YStZOilkoPb6fycpwNLKzSPtruFs48nYis0zy5yJz1+ktUhHxoRDJ27RQAWLIJVJw=="],

    "defu": ["defu@6.1.4", "", {}, "sha512-mEQCMmwJu317oSz8CwdIOdwf3xMif1ttiM8LTufzc3g6kR+9Pe236twL8j3IYT1F7GfRgGcW6MWxzZjLIkuHIg=="],

    "destr": ["destr@2.0.5", "", {}, "sha512-ugFTXCtDZunbzasqBxrK93Ik/DRYsO6S/fedkWEMKqt04xZ4csmnmwGDBAb07QWNaGMAmnTIemsYZCksjATwsA=="],

    "dotenv": ["dotenv@16.6.1", "", {}, "sha512-uBq4egWHTcTt33a72vpSG0z3HnPuIl6NqYcTrKEg2azoEyl2hpW0zqlxysq2pK9HlDIHyHyakeYaYnSAwd8bow=="],

    "effect": ["effect@3.18.4", "", { "dependencies": { "@standard-schema/spec": "^1.0.0", "fast-check": "^3.23.1" } }, "sha512-b1LXQJLe9D11wfnOKAk3PKxuqYshQ0Heez+y5pnkd3jLj1yx9QhM72zZ9uUrOQyNvrs2GZZd/3maL0ZV18YuDA=="],

    "elysia": ["elysia@1.4.13", "", { "dependencies": { "cookie": "^1.0.2", "exact-mirror": "0.2.2", "fast-decode-uri-component": "^1.0.1", "memoirist": "^0.4.0" }, "peerDependencies": { "@sinclair/typebox": ">= 0.34.0 < 1", "@types/bun": ">= 1.2.0", "file-type": ">= 20.0.0", "openapi-types": ">= 12.0.0", "typescript": ">= 5.0.0" }, "optionalPeers": ["@types/bun", "typescript"] }, "sha512-6QaWQEm7QN1UCo1TPpEjaRJPHUmnM7R29y6LY224frDGk5PrpAnWmdHkoZxkcv+JRWp1j2ROr2IHbxHbG/jRjw=="],

    "elysia-rate-limit": ["elysia-rate-limit@4.4.2", "", { "dependencies": { "@alloc/quick-lru": "5.2.0", "debug": "4.3.4" }, "peerDependencies": { "elysia": ">= 1.0.0" } }, "sha512-zrtqk3BDsCZ6VhJDJMmpkGsSqs6ZFaYNU+wTHqqEprUxVa3wA5/QV9N/y1V0f34n9gz3Gpd8vlVe2CbKOWHCQA=="],

    "emoji-regex-xs": ["emoji-regex-xs@2.0.1", "", {}, "sha512-1QFuh8l7LqUcKe24LsPUNzjrzJQ7pgRwp1QMcZ5MX6mFplk2zQ08NVCM84++1cveaUUYtcCYHmeFEuNg16sU4g=="],

    "empathic": ["empathic@2.0.0", "", {}, "sha512-i6UzDscO/XfAcNYD75CfICkmfLedpyPDdozrLMmQc5ORaQcdMoc21OnlEylMIqI7U8eniKrPMxxtj8k0vhmJhA=="],

    "escape-html": ["escape-html@1.0.3", "", {}, "sha512-NiSupZ4OeuGwr68lGIeym/ksIZMJodUGOSCZ/FSnTxcrekbvqrgdUxlJOMpijaKZVjAJrWrGs/6Jy8OMuyj9ow=="],

    "exact-mirror": ["exact-mirror@0.2.2", "", { "peerDependencies": { "@sinclair/typebox": "^0.34.15" }, "optionalPeers": ["@sinclair/typebox"] }, "sha512-CrGe+4QzHZlnrXZVlo/WbUZ4qQZq8C0uATQVGVgXIrNXgHDBBNFD1VRfssRA2C9t3RYvh3MadZSdg2Wy7HBoQA=="],

    "exsolve": ["exsolve@1.0.7", "", {}, "sha512-VO5fQUzZtI6C+vx4w/4BWJpg3s/5l+6pRQEHzFRM8WFi4XffSP1Z+4qi7GbjWbvRQEbdIco5mIMq+zX4rPuLrw=="],

    "fast-check": ["fast-check@3.23.2", "", { "dependencies": { "pure-rand": "^6.1.0" } }, "sha512-h5+1OzzfCC3Ef7VbtKdcv7zsstUQwUDlYpUTvjeUsJAssPgLn7QzbboPtL5ro04Mq0rPOsMzl7q5hIbRs2wD1A=="],

    "fast-decode-uri-component": ["fast-decode-uri-component@1.0.1", "", {}, "sha512-WKgKWg5eUxvRZGwW8FvfbaH7AXSh2cL+3j5fMGzUMCxWBJ3dV3a7Wz8y2f/uQ0e3B6WmodD3oS54jTQ9HVTIIg=="],

    "fflate": ["fflate@0.7.4", "", {}, "sha512-5u2V/CDW15QM1XbbgS+0DfPxVB+jUKhWEKuuFuHncbk3tEEqzmoXL+2KyOFuKGqOnmdIy0/davWF1CkuwtibCw=="],

    "file-type": ["file-type@21.0.0", "", { "dependencies": { "@tokenizer/inflate": "^0.2.7", "strtok3": "^10.2.2", "token-types": "^6.0.0", "uint8array-extras": "^1.4.0" } }, "sha512-ek5xNX2YBYlXhiUXui3D/BXa3LdqPmoLJ7rqEx2bKJ7EAUEfmXgW0Das7Dc6Nr9MvqaOnIqiPV0mZk/r/UpNAg=="],

    "giget": ["giget@2.0.0", "", { "dependencies": { "citty": "^0.1.6", "consola": "^3.4.0", "defu": "^6.1.4", "node-fetch-native": "^1.6.6", "nypm": "^0.6.0", "pathe": "^2.0.3" }, "bin": { "giget": "dist/cli.mjs" } }, "sha512-L5bGsVkxJbJgdnwyuheIunkGatUF/zssUoxxjACCseZYAVbaqdh9Tsmmlkl8vYan09H7sbvKt4pS8GqKLBrEzA=="],

    "hex-rgb": ["hex-rgb@4.3.0", "", {}, "sha512-Ox1pJVrDCyGHMG9CFg1tmrRUMRPRsAWYc/PinY0XzJU4K7y7vjNoLKIQ7BR5UJMCxNN8EM1MNDmHWA/B3aZUuw=="],

    "hookable": ["hookable@5.5.3", "", {}, "sha512-Yc+BQe8SvoXH1643Qez1zqLRmbA5rCL+sSmk6TVos0LWVfNIB7PGncdlId77WzLGSIB5KaWgTaNTs2lNVEI6VQ=="],

    "ieee754": ["ieee754@1.2.1", "", {}, "sha512-dcyqhDvX1C46lXZcVqCpK+FtMRQVdIMN6/Df5js2zouUsqG7I6sFxitIC+7KYK29KdXOLHdu9zL4sFnoVQnqaA=="],

    "jiti": ["jiti@2.6.1", "", { "bin": { "jiti": "lib/jiti-cli.mjs" } }, "sha512-ekilCSN1jwRvIbgeg/57YFh8qQDNbwDb9xT/qu2DAHbFFZUicIl4ygVaAvzveMhMVr3LnpSKTNnwt8PoOfmKhQ=="],

    "jose": ["jose@6.1.0", "", {}, "sha512-TTQJyoEoKcC1lscpVDCSsVgYzUDg/0Bt3WE//WiTPK6uOCQC2KZS4MpugbMWt/zyjkopgZoXhZuCi00gLudfUA=="],

    "linebreak": ["linebreak@1.1.0", "", { "dependencies": { "base64-js": "0.0.8", "unicode-trie": "^2.0.0" } }, "sha512-MHp03UImeVhB7XZtjd0E4n6+3xr5Dq/9xI/5FptGk5FrbDR3zagPa2DS6U8ks/3HjbKWG9Q1M2ufOzxV2qLYSQ=="],

    "memoirist": ["memoirist@0.4.0", "", {}, "sha512-zxTgA0mSYELa66DimuNQDvyLq36AwDlTuVRbnQtB+VuTcKWm5Qc4z3WkSpgsFWHNhexqkIooqpv4hdcqrX5Nmg=="],

    "ms": ["ms@2.1.2", "", {}, "sha512-sGkPx+VjMtmA6MX27oA4FBFELFCZZ4S4XqeGOXCv68tT+jb3vk/RyaKWP0PTKyWtmLSM0b+adUTEvbs1PEaH2w=="],

    "nanoid": ["nanoid@5.1.6", "", { "bin": { "nanoid": "bin/nanoid.js" } }, "sha512-c7+7RQ+dMB5dPwwCp4ee1/iV/q2P6aK1mTZcfr1BTuVlyW9hJYiMPybJCcnBlQtuSmTIWNeazm/zqNoZSSElBg=="],

    "node-fetch-native": ["node-fetch-native@1.6.7", "", {}, "sha512-g9yhqoedzIUm0nTnTqAQvueMPVOuIY16bqgAJJC8XOOubYFNwz6IER9qs0Gq2Xd0+CecCKFjtdDTMA4u4xG06Q=="],

    "nypm": ["nypm@0.6.2", "", { "dependencies": { "citty": "^0.1.6", "consola": "^3.4.2", "pathe": "^2.0.3", "pkg-types": "^2.3.0", "tinyexec": "^1.0.1" }, "bin": { "nypm": "dist/cli.mjs" } }, "sha512-7eM+hpOtrKrBDCh7Ypu2lJ9Z7PNZBdi/8AT3AX8xoCj43BBVHD0hPSTEvMtkMpfs8FCqBGhxB+uToIQimA111g=="],

    "ohash": ["ohash@2.0.11", "", {}, "sha512-RdR9FQrFwNBNXAr4GixM8YaRZRJ5PUWbKYbE5eOsrwAjJW0q2REGcf79oYPsLyskQCZG1PLN+S/K1V00joZAoQ=="],

    "openapi-types": ["openapi-types@12.1.3", "", {}, "sha512-N4YtSYJqghVu4iek2ZUvcN/0aqH1kRDuNqzcycDxhOUpg7GdvLa2F3DgS6yBNhInhv2r/6I0Flkn7CqL8+nIcw=="],

    "pako": ["pako@0.2.9", "", {}, "sha512-NUcwaKxUxWrZLpDG+z/xZaCgQITkA/Dv4V/T6bw7VON6l1Xz/VnrBqrYjZQ12TamKHzITTfOEIYUj48y2KXImA=="],

    "parse-css-color": ["parse-css-color@0.2.1", "", { "dependencies": { "color-name": "^1.1.4", "hex-rgb": "^4.1.0" } }, "sha512-bwS/GGIFV3b6KS4uwpzCFj4w297Yl3uqnSgIPsoQkx7GMLROXfMnWvxfNkL0oh8HVhZA4hvJoEoEIqonfJ3BWg=="],

    "pathe": ["pathe@1.1.2", "", {}, "sha512-whLdWMYL2TwI08hn8/ZqAbrVemu0LNaNNJZX73O6qaIdCTfXutsLhMkjdENX0qhsQ9uIimo4/aQOmXkoon2nDQ=="],

    "perfect-debounce": ["perfect-debounce@1.0.0", "", {}, "sha512-xCy9V055GLEqoFaHoC1SoLIaLmWctgCUaBaWxDZ7/Zx4CTyX7cJQLJOok/orfjZAh9kEYpjJa4d0KcJmCbctZA=="],

    "pkg-types": ["pkg-types@2.3.0", "", { "dependencies": { "confbox": "^0.2.2", "exsolve": "^1.0.7", "pathe": "^2.0.3" } }, "sha512-SIqCzDRg0s9npO5XQ3tNZioRY1uK06lA41ynBC1YmFTmnY6FjUjVt6s4LoADmwoig1qqD0oK8h1p/8mlMx8Oig=="],

    "postcss-value-parser": ["postcss-value-parser@4.2.0", "", {}, "sha512-1NNCs6uurfkVbeXG4S8JFT9t19m45ICnif8zWLd5oPSZ50QnwMfK+H3jv408d4jw/7Bttv5axS5IiHoLaVNHeQ=="],

    "prettier": ["prettier@3.6.2", "", { "bin": { "prettier": "bin/prettier.cjs" } }, "sha512-I7AIg5boAr5R0FFtJ6rCfD+LFsWHp81dolrFD8S79U9tb8Az2nGrJncnMSnys+bpQJfRUzqs9hnA81OAA3hCuQ=="],

    "prisma": ["prisma@6.18.0", "", { "dependencies": { "@prisma/config": "6.18.0", "@prisma/engines": "6.18.0" }, "peerDependencies": { "typescript": ">=5.1.0" }, "optionalPeers": ["typescript"], "bin": { "prisma": "build/index.js" } }, "sha512-bXWy3vTk8mnRmT+SLyZBQoC2vtV9Z8u7OHvEu+aULYxwiop/CPiFZ+F56KsNRNf35jw+8wcu8pmLsjxpBxAO9g=="],

    "prismabox": ["prismabox@1.1.25", "", { "dependencies": { "@prisma/generator-helper": "^6.13.0", "@sinclair/typebox": "^0.34.3", "prettier": "^3.6.2" }, "bin": { "prismabox": "cli.js" } }, "sha512-TiVNfskIB19rFxB3/Dkkk0Zvn73wvF5DrCKQCBGLMcccNqZ4kUrbEHMDQWtkn1cv974M0Wd7cd0C2VypjWO96A=="],

    "pure-rand": ["pure-rand@6.1.0", "", {}, "sha512-bVWawvoZoBYpp6yIoQtQXHZjmz35RSVHnUOTefl8Vcjr8snTPY1wnpSPMWekcFwbxI6gtmT7rSYPFvz71ldiOA=="],

    "rc9": ["rc9@2.1.2", "", { "dependencies": { "defu": "^6.1.4", "destr": "^2.0.3" } }, "sha512-btXCnMmRIBINM2LDZoEmOogIZU7Qe7zn4BpomSKZ/ykbLObuBdvG+mFq11DL6fjH1DRwHhrlgtYWG96bJiC7Cg=="],

    "react": ["react@19.2.0", "", {}, "sha512-tmbWg6W31tQLeB5cdIBOicJDJRR2KzXsV7uSK9iNfLWQ5bIZfxuPEHp7M8wiHyHnn0DD1i7w3Zmin0FtkrwoCQ=="],

    "react-dom": ["react-dom@19.2.0", "", { "dependencies": { "scheduler": "^0.27.0" }, "peerDependencies": { "react": "^19.2.0" } }, "sha512-UlbRu4cAiGaIewkPyiRGJk0imDN2T3JjieT6spoL2UeSf5od4n5LB/mQ4ejmxhCFT1tYe8IvaFulzynWovsEFQ=="],

    "readdirp": ["readdirp@4.1.2", "", {}, "sha512-GDhwkLfywWL2s6vEjyhri+eXmfH6j1L7JE27WhqLeYzoh/A3DBaYGEj2H/HFZCn/kMfim73FXxEJTw06WtxQwg=="],

    "satori": ["satori@0.18.3", "", { "dependencies": { "@shuding/opentype.js": "1.4.0-beta.0", "css-background-parser": "^0.1.0", "css-box-shadow": "1.0.0-3", "css-gradient-parser": "^0.0.17", "css-to-react-native": "^3.0.0", "emoji-regex-xs": "^2.0.1", "escape-html": "^1.0.3", "linebreak": "^1.1.0", "parse-css-color": "^0.2.1", "postcss-value-parser": "^4.2.0", "yoga-layout": "^3.2.1" } }, "sha512-T3DzWNmnrfVmk2gCIlAxLRLbGkfp3K7TyRva+Byyojqu83BNvnMeqVeYRdmUw4TKCsyH4RiQ/KuF/I4yEzgR5A=="],

    "scheduler": ["scheduler@0.27.0", "", {}, "sha512-eNv+WrVbKu1f3vbYJT/xtiF5syA5HPIMtf9IgY/nKg0sWqzAUEvqY/xm7OcZc/qafLx/iO9FgOmeSAp4v5ti/Q=="],

    "string.prototype.codepointat": ["string.prototype.codepointat@0.2.1", "", {}, "sha512-2cBVCj6I4IOvEnjgO/hWqXjqBGsY+zwPmHl12Srk9IXSZ56Jwwmy+66XO5Iut/oQVR7t5ihYdLB0GMa4alEUcg=="],

    "strtok3": ["strtok3@10.3.4", "", { "dependencies": { "@tokenizer/token": "^0.3.0" } }, "sha512-KIy5nylvC5le1OdaaoCJ07L+8iQzJHGH6pWDuzS+d07Cu7n1MZ2x26P8ZKIWfbK02+XIL8Mp4RkWeqdUCrDMfg=="],

    "tiny-inflate": ["tiny-inflate@1.0.3", "", {}, "sha512-pkY1fj1cKHb2seWDy0B16HeWyczlJA9/WW3u3c4z/NiWDsO3DOU5D7nhTLE9CF0yXv/QZFY7sEJmj24dK+Rrqw=="],

    "tinyexec": ["tinyexec@1.0.1", "", {}, "sha512-5uC6DDlmeqiOwCPmK9jMSdOuZTh8bU39Ys6yidB+UTt5hfZUPGAypSgFRiEp+jbi9qH40BLDvy85jIU88wKSqw=="],

    "token-types": ["token-types@6.1.1", "", { "dependencies": { "@borewit/text-codec": "^0.1.0", "@tokenizer/token": "^0.3.0", "ieee754": "^1.2.1" } }, "sha512-kh9LVIWH5CnL63Ipf0jhlBIy0UsrMj/NJDfpsy1SqOXlLKEVyXXYrnFxFT1yOOYVGBSApeVnjPw/sBz5BfEjAQ=="],

    "type-fest": ["type-fest@4.41.0", "", {}, "sha512-TeTSQ6H5YHvpqVwBRcnLDCBnDOHWYu7IvGbHT6N8AOymcr9PJGjc1GTtiWZTYg0NCgYwvnYWEkVChQAr9bjfwA=="],

    "uint8array-extras": ["uint8array-extras@1.5.0", "", {}, "sha512-rvKSBiC5zqCCiDZ9kAOszZcDvdAHwwIKJG33Ykj43OKcWsnmcBRL09YTU4nOeHZ8Y2a7l1MgTd08SBe9A8Qj6A=="],

    "undici-types": ["undici-types@7.14.0", "", {}, "sha512-QQiYxHuyZ9gQUIrmPo3IA+hUl4KYk8uSA7cHrcKd/l3p1OTpZcM0Tbp9x7FAtXdAYhlasd60ncPpgu6ihG6TOA=="],

    "unicode-trie": ["unicode-trie@2.0.0", "", { "dependencies": { "pako": "^0.2.5", "tiny-inflate": "^1.0.0" } }, "sha512-x7bc76x0bm4prf1VLg79uhAzKw8DVboClSN5VxJuQ+LKDOVEW9CdH+VY7SP+vX7xCYQqzzgQpFqz15zeLvAtZQ=="],

    "yoga-layout": ["yoga-layout@3.2.1", "", {}, "sha512-0LPOt3AxKqMdFBZA3HBAt/t/8vIKq7VaQYbuA8WxCgung+p9TVyKRYdpvCb80HcdTN2NkbIKbhNwKUfm3tQywQ=="],

    "zhead": ["zhead@2.2.4", "", {}, "sha512-8F0OI5dpWIA5IGG5NHUg9staDwz/ZPxZtvGVf01j7vHqSyZ0raHY+78atOVxRqb73AotX22uV1pXt3gYSstGag=="],

    "zod": ["zod@3.25.76", "", {}, "sha512-gzUt/qt81nXsFGKIFcC3YnfEAx5NkunCfnDlvuBSSFS02bcXu4Lmea0AFIUwbLWxWPx3d9p8S5QoaujKcNQxcQ=="],

    "@prisma/generator-helper/@prisma/debug": ["@prisma/debug@6.17.1", "", {}, "sha512-Vf7Tt5Wh9XcndpbmeotuqOMLWPTjEKCsgojxXP2oxE1/xYe7PtnP76hsouG9vis6fctX+TxgmwxTuYi/+xc7dQ=="],

    "@scalar/themes/@scalar/types": ["@scalar/types@0.1.7", "", { "dependencies": { "@scalar/openapi-types": "0.2.0", "@unhead/schema": "^1.11.11", "nanoid": "^5.1.5", "type-fest": "^4.20.0", "zod": "^3.23.8" } }, "sha512-irIDYzTQG2KLvFbuTI8k2Pz/R4JR+zUUSykVTbEMatkzMmVFnn1VzNSMlODbadycwZunbnL2tA27AXed9URVjw=="],

    "@tokenizer/inflate/debug": ["debug@4.4.3", "", { "dependencies": { "ms": "^2.1.3" } }, "sha512-RGwwWnwQvkVfavKVt22FGLw+xYSdzARwm0ru6DhTVA3umU5hZc28V3kO4stgYryrTlLpuvgI9GiijltAjNbcqA=="],

    "@tokenizer/inflate/fflate": ["fflate@0.8.2", "", {}, "sha512-cPJU47OaAoCbg0pBvzsgpTPhmhqI5eJjh/JIu8tPj5q+T7iLvW/JAYUqmE7KOB4R1ZyEhzBaIQpQpardBF5z8A=="],

    "c12/pathe": ["pathe@2.0.3", "", {}, "sha512-WUjGcAqP1gQacoQe+OBJsFA7Ld4DyXuUIjZ5cc75cLHvJ7dtNsTugphxIADwspS+AraAUePCKrSVtPLFj/F88w=="],

    "giget/pathe": ["pathe@2.0.3", "", {}, "sha512-WUjGcAqP1gQacoQe+OBJsFA7Ld4DyXuUIjZ5cc75cLHvJ7dtNsTugphxIADwspS+AraAUePCKrSVtPLFj/F88w=="],

    "nypm/pathe": ["pathe@2.0.3", "", {}, "sha512-WUjGcAqP1gQacoQe+OBJsFA7Ld4DyXuUIjZ5cc75cLHvJ7dtNsTugphxIADwspS+AraAUePCKrSVtPLFj/F88w=="],

    "pkg-types/pathe": ["pathe@2.0.3", "", {}, "sha512-WUjGcAqP1gQacoQe+OBJsFA7Ld4DyXuUIjZ5cc75cLHvJ7dtNsTugphxIADwspS+AraAUePCKrSVtPLFj/F88w=="],

    "@scalar/themes/@scalar/types/@scalar/openapi-types": ["@scalar/openapi-types@0.2.0", "", { "dependencies": { "zod": "^3.23.8" } }, "sha512-waiKk12cRCqyUCWTOX0K1WEVX46+hVUK+zRPzAahDJ7G0TApvbNkuy5wx7aoUyEk++HHde0XuQnshXnt8jsddA=="],

    "@tokenizer/inflate/debug/ms": ["ms@2.1.3", "", {}, "sha512-6FlzubTLZG3J2a/NVCAleEhjzq5oxgHyaCU9yYXvcLsvoVaHJq/s5xXI6/XXP6tz7R9xAOtHnSO/tXtF3WRTlA=="],
  }
}
